
Microsoft Visual Studio Solution File, Format Version 12.00
# Visual Studio Version 17
VisualStudioVersion = 17.0.32014.148
MinimumVisualStudioVersion = 10.0.40219.1
Project("{9A19103F-16F7-4668-BE54-9A1E7A4F7556}") = "API", "API.csproj", "{FB80D85C-8E5A-42A8-82DF-7D21EDF1FAC8}"
EndProject
Project("{9A19103F-16F7-4668-BE54-9A1E7A4F7556}") = "Domain", "..\Domain\Domain.csproj", "{4837BBEA-8C38-428F-A9D7-511EE936992E}"
EndProject
Project("{9A19103F-16F7-4668-BE54-9A1E7A4F7556}") = "Application", "..\Application\Application.csproj", "{E082FB40-8459-46F9-B671-AF53D26BB8FD}"
EndProject
Project("{9A19103F-16F7-4668-BE54-9A1E7A4F7556}") = "Infrastructure", "..\Infrastructure\Infrastructure.csproj", "{4AEC806F-CB2C-43D9-A615-903F92A97FA9}"
EndProject
Project("{FAE04EC0-301F-11D3-BF4B-00C04F79EFBC}") = "Contracts", "..\Contracts\Contracts.csproj", "{7987A859-1A05-4315-82E0-2FCB9E2F8C95}"
EndProject
Global
	GlobalSection(SolutionConfigurationPlatforms) = preSolution
		Debug|Any CPU = Debug|Any CPU
		Release|Any CPU = Release|Any CPU
	EndGlobalSection
	GlobalSection(ProjectConfigurationPlatforms) = postSolution
		{FB80D85C-8E5A-42A8-82DF-7D21EDF1FAC8}.Debug|Any CPU.ActiveCfg = Debug|Any CPU
		{FB80D85C-8E5A-42A8-82DF-7D21EDF1FAC8}.Debug|Any CPU.Build.0 = Debug|Any CPU
		{FB80D85C-8E5A-42A8-82DF-7D21EDF1FAC8}.Release|Any CPU.ActiveCfg = Release|Any CPU
		{FB80D85C-8E5A-42A8-82DF-7D21EDF1FAC8}.Release|Any CPU.Build.0 = Release|Any CPU
		{4837BBEA-8C38-428F-A9D7-511EE936992E}.Debug|Any CPU.ActiveCfg = Debug|Any CPU
		{4837BBEA-8C38-428F-A9D7-511EE936992E}.Debug|Any CPU.Build.0 = Debug|Any CPU
		{4837BBEA-8C38-428F-A9D7-511EE936992E}.Release|Any CPU.ActiveCfg = Release|Any CPU
		{4837BBEA-8C38-428F-A9D7-511EE936992E}.Release|Any CPU.Build.0 = Release|Any CPU
		{E082FB40-8459-46F9-B671-AF53D26BB8FD}.Debug|Any CPU.ActiveCfg = Debug|Any CPU
		{E082FB40-8459-46F9-B671-AF53D26BB8FD}.Debug|Any CPU.Build.0 = Debug|Any CPU
		{E082FB40-8459-46F9-B671-AF53D26BB8FD}.Release|Any CPU.ActiveCfg = Release|Any CPU
		{E082FB40-8459-46F9-B671-AF53D26BB8FD}.Release|Any CPU.Build.0 = Release|Any CPU
		{4AEC806F-CB2C-43D9-A615-903F92A97FA9}.Debug|Any CPU.ActiveCfg = Debug|Any CPU
		{4AEC806F-CB2C-43D9-A615-903F92A97FA9}.Debug|Any CPU.Build.0 = Debug|Any CPU
		{4AEC806F-CB2C-43D9-A615-903F92A97FA9}.Release|Any CPU.ActiveCfg = Release|Any CPU
		{4AEC806F-CB2C-43D9-A615-903F92A97FA9}.Release|Any CPU.Build.0 = Release|Any CPU
		{7987A859-1A05-4315-82E0-2FCB9E2F8C95}.Debug|Any CPU.ActiveCfg = Debug|Any CPU
		{7987A859-1A05-4315-82E0-2FCB9E2F8C95}.Debug|Any CPU.Build.0 = Debug|Any CPU
		{7987A859-1A05-4315-82E0-2FCB9E2F8C95}.Release|Any CPU.ActiveCfg = Release|Any CPU
		{7987A859-1A05-4315-82E0-2FCB9E2F8C95}.Release|Any CPU.Build.0 = Release|Any CPU
	EndGlobalSection
	GlobalSection(SolutionProperties) = preSolution
		HideSolutionNode = FALSE
	EndGlobalSection
	GlobalSection(ExtensibilityGlobals) = postSolution
		SolutionGuid = {BA1CFBB3-0262-42C7-A4DE-5EDCF6D14138}
	EndGlobalSection
EndGlobal
